
Microsoft Visual Studio Solution File, Format Version 12.00
# Visual Studio Version 17
VisualStudioVersion = 17.6.33829.357
MinimumVisualStudioVersion = 10.0.40219.1
Project("{FAE04EC0-301F-11D3-BF4B-00C04F79EFBC}") = "ProjetBLOOD_BOARD", "ProjetBLOOD_BOARD\ProjetBLOOD_BOARD.csproj", "{6E785704-FA31-4468-A48B-3D7DACDD7FD0}"
EndProject
Global
	GlobalSection(SolutionConfigurationPlatforms) = preSolution
		Debug|Any CPU = Debug|Any CPU
		Release|Any CPU = Release|Any CPU
	EndGlobalSection
	GlobalSection(ProjectConfigurationPlatforms) = postSolution
		{6E785704-FA31-4468-A48B-3D7DACDD7FD0}.Debug|Any CPU.ActiveCfg = Debug|Any CPU
		{6E785704-FA31-4468-A48B-3D7DACDD7FD0}.Debug|Any CPU.Build.0 = Debug|Any CPU
		{6E785704-FA31-4468-A48B-3D7DACDD7FD0}.Release|Any CPU.ActiveCfg = Release|Any CPU
		{6E785704-FA31-4468-A48B-3D7DACDD7FD0}.Release|Any CPU.Build.0 = Release|Any CPU
	EndGlobalSection
	GlobalSection(SolutionProperties) = preSolution
		HideSolutionNode = FALSE
	EndGlobalSection
	GlobalSection(ExtensibilityGlobals) = postSolution
		SolutionGuid = {82810630-C041-4BB4-B383-F15F9B878CD7}
	EndGlobalSection
EndGlobal
